// !$*UTF8*$!
{
	archiveVersion = 1;
	classes = {
	};
	objectVersion = 51;
	objects = {

/* Begin PBXBuildFile section */
		14549642E10539C48B5100F2 /* Pods_ProjectSwiftOtpFramework.framework in Frameworks */ = {isa = PBXBuildFile; fileRef = ED6C28B231CFB3ED754BE628 /* Pods_ProjectSwiftOtpFramework.framework */; };
		1872AF4D25F7F8A0009063AE /* AppDelegate.swift in Sources */ = {isa = PBXBuildFile; fileRef = 1872AF4C25F7F8A0009063AE /* AppDelegate.swift */; };
		1872AF4F25F7F8A0009063AE /* SceneDelegate.swift in Sources */ = {isa = PBXBuildFile; fileRef = 1872AF4E25F7F8A0009063AE /* SceneDelegate.swift */; };
		1872AF5125F7F8A0009063AE /* ViewController.swift in Sources */ = {isa = PBXBuildFile; fileRef = 1872AF5025F7F8A0009063AE /* ViewController.swift */; };
		1872AF5425F7F8A0009063AE /* Main.storyboard in Resources */ = {isa = PBXBuildFile; fileRef = 1872AF5225F7F8A0009063AE /* Main.storyboard */; };
		1872AF5625F7F8A2009063AE /* Assets.xcassets in Resources */ = {isa = PBXBuildFile; fileRef = 1872AF5525F7F8A2009063AE /* Assets.xcassets */; };
		1872AF5925F7F8A2009063AE /* LaunchScreen.storyboard in Resources */ = {isa = PBXBuildFile; fileRef = 1872AF5725F7F8A2009063AE /* LaunchScreen.storyboard */; };
		1872AF6625F7FB0A009063AE /* VerifyViewController.swift in Sources */ = {isa = PBXBuildFile; fileRef = 1872AF6525F7FB0A009063AE /* VerifyViewController.swift */; };
/* End PBXBuildFile section */

/* Begin PBXFileReference section */
		1872AF4925F7F8A0009063AE /* ProjectSwiftOtpFramework.app */ = {isa = PBXFileReference; explicitFileType = wrapper.application; includeInIndex = 0; path = ProjectSwiftOtpFramework.app; sourceTree = BUILT_PRODUCTS_DIR; };
		1872AF4C25F7F8A0009063AE /* AppDelegate.swift */ = {isa = PBXFileReference; lastKnownFileType = sourcecode.swift; path = AppDelegate.swift; sourceTree = "<group>"; };
		1872AF4E25F7F8A0009063AE /* SceneDelegate.swift */ = {isa = PBXFileReference; lastKnownFileType = sourcecode.swift; path = SceneDelegate.swift; sourceTree = "<group>"; };
		1872AF5025F7F8A0009063AE /* ViewController.swift */ = {isa = PBXFileReference; lastKnownFileType = sourcecode.swift; path = ViewController.swift; sourceTree = "<group>"; };
		1872AF5325F7F8A0009063AE /* Base */ = {isa = PBXFileReference; lastKnownFileType = file.storyboard; name = Base; path = Base.lproj/Main.storyboard; sourceTree = "<group>"; };
		1872AF5525F7F8A2009063AE /* Assets.xcassets */ = {isa = PBXFileReference; lastKnownFileType = folder.assetcatalog; path = Assets.xcassets; sourceTree = "<group>"; };
		1872AF5825F7F8A2009063AE /* Base */ = {isa = PBXFileReference; lastKnownFileType = file.storyboard; name = Base; path = Base.lproj/LaunchScreen.storyboard; sourceTree = "<group>"; };
		1872AF5A25F7F8A2009063AE /* Info.plist */ = {isa = PBXFileReference; lastKnownFileType = text.plist.xml; path = Info.plist; sourceTree = "<group>"; };
		1872AF6525F7FB0A009063AE /* VerifyViewController.swift */ = {isa = PBXFileReference; lastKnownFileType = sourcecode.swift; path = VerifyViewController.swift; sourceTree = "<group>"; };
		3EAF73D3C916ECAF604D1155 /* Pods-ProjectSwiftOtpFramework.debug.xcconfig */ = {isa = PBXFileReference; includeInIndex = 1; lastKnownFileType = text.xcconfig; name = "Pods-ProjectSwiftOtpFramework.debug.xcconfig"; path = "Target Support Files/Pods-ProjectSwiftOtpFramework/Pods-ProjectSwiftOtpFramework.debug.xcconfig"; sourceTree = "<group>"; };
		4C93147D765A6E95CA264D6F /* Pods-ProjectSwiftOtpFramework.release.xcconfig */ = {isa = PBXFileReference; includeInIndex = 1; lastKnownFileType = text.xcconfig; name = "Pods-ProjectSwiftOtpFramework.release.xcconfig"; path = "Target Support Files/Pods-ProjectSwiftOtpFramework/Pods-ProjectSwiftOtpFramework.release.xcconfig"; sourceTree = "<group>"; };
		ED6C28B231CFB3ED754BE628 /* Pods_ProjectSwiftOtpFramework.framework */ = {isa = PBXFileReference; explicitFileType = wrapper.framework; includeInIndex = 0; path = Pods_ProjectSwiftOtpFramework.framework; sourceTree = BUILT_PRODUCTS_DIR; };
/* End PBXFileReference section */

/* Begin PBXFrameworksBuildPhase section */
		1872AF4625F7F8A0009063AE /* Frameworks */ = {
			isa = PBXFrameworksBuildPhase;
			buildActionMask = 2147483647;
			files = (
				14549642E10539C48B5100F2 /* Pods_ProjectSwiftOtpFramework.framework in Frameworks */,
			);
			runOnlyForDeploymentPostprocessing = 0;
		};
/* End PBXFrameworksBuildPhase section */

/* Begin PBXGroup section */
		1872AF4025F7F8A0009063AE = {
			isa = PBXGroup;
			children = (
				1872AF4B25F7F8A0009063AE /* ProjectSwiftOtpFramework */,
				1872AF4A25F7F8A0009063AE /* Products */,
				314FEC03E2657B1E01F66EF7 /* Pods */,
				878F69FF8ABD7C98377B975C /* Frameworks */,
			);
			sourceTree = "<group>";
		};
		1872AF4A25F7F8A0009063AE /* Products */ = {
			isa = PBXGroup;
			children = (
				1872AF4925F7F8A0009063AE /* ProjectSwiftOtpFramework.app */,
			);
			name = Products;
			sourceTree = "<group>";
		};
		1872AF4B25F7F8A0009063AE /* ProjectSwiftOtpFramework */ = {
			isa = PBXGroup;
			children = (
				1872AF4C25F7F8A0009063AE /* AppDelegate.swift */,
				1872AF4E25F7F8A0009063AE /* SceneDelegate.swift */,
				1872AF5025F7F8A0009063AE /* ViewController.swift */,
				1872AF5225F7F8A0009063AE /* Main.storyboard */,
				1872AF5525F7F8A2009063AE /* Assets.xcassets */,
				1872AF5725F7F8A2009063AE /* LaunchScreen.storyboard */,
				1872AF5A25F7F8A2009063AE /* Info.plist */,
				1872AF6525F7FB0A009063AE /* VerifyViewController.swift */,
			);
			path = ProjectSwiftOtpFramework;
			sourceTree = "<group>";
		};
		314FEC03E2657B1E01F66EF7 /* Pods */ = {
			isa = PBXGroup;
			children = (
				3EAF73D3C916ECAF604D1155 /* Pods-ProjectSwiftOtpFramework.debug.xcconfig */,
				4C93147D765A6E95CA264D6F /* Pods-ProjectSwiftOtpFramework.release.xcconfig */,
			);
			path = Pods;
			sourceTree = "<group>";
		};
		878F69FF8ABD7C98377B975C /* Frameworks */ = {
			isa = PBXGroup;
			children = (
				ED6C28B231CFB3ED754BE628 /* Pods_ProjectSwiftOtpFramework.framework */,
			);
			name = Frameworks;
			sourceTree = "<group>";
		};
/* End PBXGroup section */

/* Begin PBXNativeTarget section */
		1872AF4825F7F8A0009063AE /* ProjectSwiftOtpFramework */ = {
			isa = PBXNativeTarget;
			buildConfigurationList = 1872AF5D25F7F8A2009063AE /* Build configuration list for PBXNativeTarget "ProjectSwiftOtpFramework" */;
			buildPhases = (
				8E0FB6D3BC6593775FCDEBF2 /* [CP] Check Pods Manifest.lock */,
				1872AF4525F7F8A0009063AE /* Sources */,
				1872AF4625F7F8A0009063AE /* Frameworks */,
				1872AF4725F7F8A0009063AE /* Resources */,
				743950130FD5FBB02E0B6666 /* [CP] Embed Pods Frameworks */,
			);
			buildRules = (
			);
			dependencies = (
			);
			name = ProjectSwiftOtpFramework;
			productName = ProjectSwiftOtpFramework;
			productReference = 1872AF4925F7F8A0009063AE /* ProjectSwiftOtpFramework.app */;
			productType = "com.apple.product-type.application";
		};
/* End PBXNativeTarget section */

/* Begin PBXProject section */
		1872AF4125F7F8A0009063AE /* Project object */ = {
			isa = PBXProject;
			attributes = {
				LastSwiftUpdateCheck = 1240;
				LastUpgradeCheck = 1240;
				TargetAttributes = {
					1872AF4825F7F8A0009063AE = {
						CreatedOnToolsVersion = 12.4;
					};
				};
			};
			buildConfigurationList = 1872AF4425F7F8A0009063AE /* Build configuration list for PBXProject "ProjectSwiftOtpFramework" */;
			compatibilityVersion = "Xcode 9.3";
			developmentRegion = en;
			hasScannedForEncodings = 0;
			knownRegions = (
				en,
				Base,
			);
			mainGroup = 1872AF4025F7F8A0009063AE;
			productRefGroup = 1872AF4A25F7F8A0009063AE /* Products */;
			projectDirPath = "";
			projectRoot = "";
			targets = (
				1872AF4825F7F8A0009063AE /* ProjectSwiftOtpFramework */,
			);
		};
/* End PBXProject section */

/* Begin PBXResourcesBuildPhase section */
		1872AF4725F7F8A0009063AE /* Resources */ = {
			isa = PBXResourcesBuildPhase;
			buildActionMask = 2147483647;
			files = (
				1872AF5925F7F8A2009063AE /* LaunchScreen.storyboard in Resources */,
				1872AF5625F7F8A2009063AE /* Assets.xcassets in Resources */,
				1872AF5425F7F8A0009063AE /* Main.storyboard in Resources */,
			);
			runOnlyForDeploymentPostprocessing = 0;
		};
/* End PBXResourcesBuildPhase section */

/* Begin PBXShellScriptBuildPhase section */
		743950130FD5FBB02E0B6666 /* [CP] Embed Pods Frameworks */ = {
			isa = PBXShellScriptBuildPhase;
			buildActionMask = 2147483647;
			files = (
			);
			inputFileListPaths = (
				"${PODS_ROOT}/Target Support Files/Pods-ProjectSwiftOtpFramework/Pods-ProjectSwiftOtpFramework-frameworks-${CONFIGURATION}-input-files.xcfilelist",
			);
			name = "[CP] Embed Pods Frameworks";
			outputFileListPaths = (
				"${PODS_ROOT}/Target Support Files/Pods-ProjectSwiftOtpFramework/Pods-ProjectSwiftOtpFramework-frameworks-${CONFIGURATION}-output-files.xcfilelist",
			);
			runOnlyForDeploymentPostprocessing = 0;
			shellPath = /bin/sh;
			shellScript = "\"${PODS_ROOT}/Target Support Files/Pods-ProjectSwiftOtpFramework/Pods-ProjectSwiftOtpFramework-frameworks.sh\"\n";
			showEnvVarsInLog = 0;
		};
		8E0FB6D3BC6593775FCDEBF2 /* [CP] Check Pods Manifest.lock */ = {
			isa = PBXShellScriptBuildPhase;
			buildActionMask = 2147483647;
			files = (
			);
			inputFileListPaths = (
			);
			inputPaths = (
				"${PODS_PODFILE_DIR_PATH}/Podfile.lock",
				"${PODS_ROOT}/Manifest.lock",
			);
			name = "[CP] Check Pods Manifest.lock";
			outputFileListPaths = (
			);
			outputPaths = (
				"$(DERIVED_FILE_DIR)/Pods-ProjectSwiftOtpFramework-checkManifestLockResult.txt",
			);
			runOnlyForDeploymentPostprocessing = 0;
			shellPath = /bin/sh;
			shellScript = "diff \"${PODS_PODFILE_DIR_PATH}/Podfile.lock\" \"${PODS_ROOT}/Manifest.lock\" > /dev/null\nif [ $? != 0 ] ; then\n    # print error to STDERR\n    echo \"error: The sandbox is not in sync with the Podfile.lock. Run 'pod install' or update your CocoaPods installation.\" >&2\n    exit 1\nfi\n# This output is used by Xcode 'outputs' to avoid re-running this script phase.\necho \"SUCCESS\" > \"${SCRIPT_OUTPUT_FILE_0}\"\n";
			showEnvVarsInLog = 0;
		};
/* End PBXShellScriptBuildPhase section */

/* Begin PBXSourcesBuildPhase section */
		1872AF4525F7F8A0009063AE /* Sources */ = {
			isa = PBXSourcesBuildPhase;
			buildActionMask = 2147483647;
			files = (
				1872AF5125F7F8A0009063AE /* ViewController.swift in Sources */,
				1872AF6625F7FB0A009063AE /* VerifyViewController.swift in Sources */,
				1872AF4D25F7F8A0009063AE /* AppDelegate.swift in Sources */,
				1872AF4F25F7F8A0009063AE /* SceneDelegate.swift in Sources */,
			);
			runOnlyForDeploymentPostprocessing = 0;
		};
/* End PBXSourcesBuildPhase section */

/* Begin PBXVariantGroup section */
		1872AF5225F7F8A0009063AE /* Main.storyboard */ = {
			isa = PBXVariantGroup;
			children = (
				1872AF5325F7F8A0009063AE /* Base */,
			);
			name = Main.storyboard;
			sourceTree = "<group>";
		};
		1872AF5725F7F8A2009063AE /* LaunchScreen.storyboard */ = {
			isa = PBXVariantGroup;
			children = (
				1872AF5825F7F8A2009063AE /* Base */,
			);
			name = LaunchScreen.storyboard;
			sourceTree = "<group>";
		};
/* End PBXVariantGroup section */

/* Begin XCBuildConfiguration section */
		1872AF5B25F7F8A2009063AE /* Debug */ = {
			isa = XCBuildConfiguration;
			buildSettings = {
				ALWAYS_SEARCH_USER_PATHS = NO;
				CLANG_ANALYZER_NONNULL = YES;
				CLANG_ANALYZER_NUMBER_OBJECT_CONVERSION = YES_AGGRESSIVE;
				CLANG_CXX_LANGUAGE_STANDARD = "gnu++14";
				CLANG_CXX_LIBRARY = "libc++";
				CLANG_ENABLE_MODULES = YES;
				CLANG_ENABLE_OBJC_ARC = YES;
				CLANG_ENABLE_OBJC_WEAK = YES;
				CLANG_WARN_BLOCK_CAPTURE_AUTORELEASING = YES;
				CLANG_WARN_BOOL_CONVERSION = YES;
				CLANG_WARN_COMMA = YES;
				CLANG_WARN_CONSTANT_CONVERSION = YES;
				CLANG_WARN_DEPRECATED_OBJC_IMPLEMENTATIONS = YES;
				CLANG_WARN_DIRECT_OBJC_ISA_USAGE = YES_ERROR;
				CLANG_WARN_DOCUMENTATION_COMMENTS = YES;
				CLANG_WARN_EMPTY_BODY = YES;
				CLANG_WARN_ENUM_CONVERSION = YES;
				CLANG_WARN_INFINITE_RECURSION = YES;
				CLANG_WARN_INT_CONVERSION = YES;
				CLANG_WARN_NON_LITERAL_NULL_CONVERSION = YES;
				CLANG_WARN_OBJC_IMPLICIT_RETAIN_SELF = YES;
				CLANG_WARN_OBJC_LITERAL_CONVERSION = YES;
				CLANG_WARN_OBJC_ROOT_CLASS = YES_ERROR;
				CLANG_WARN_QUOTED_INCLUDE_IN_FRAMEWORK_HEADER = YES;
				CLANG_WARN_RANGE_LOOP_ANALYSIS = YES;
				CLANG_WARN_STRICT_PROTOTYPES = YES;
				CLANG_WARN_SUSPICIOUS_MOVE = YES;
				CLANG_WARN_UNGUARDED_AVAILABILITY = YES_AGGRESSIVE;
				CLANG_WARN_UNREACHABLE_CODE = YES;
				CLANG_WARN__DUPLICATE_METHOD_MATCH = YES;
				COPY_PHASE_STRIP = NO;
				DEBUG_INFORMATION_FORMAT = dwarf;
				ENABLE_STRICT_OBJC_MSGSEND = YES;
				ENABLE_TESTABILITY = YES;
				GCC_C_LANGUAGE_STANDARD = gnu11;
				GCC_DYNAMIC_NO_PIC = NO;
				GCC_NO_COMMON_BLOCKS = YES;
				GCC_OPTIMIZATION_LEVEL = 0;
				GCC_PREPROCESSOR_DEFINITIONS = (
					"DEBUG=1",
					"$(inherited)",
				);
				GCC_WARN_64_TO_32_BIT_CONVERSION = YES;
				GCC_WARN_ABOUT_RETURN_TYPE = YES_ERROR;
				GCC_WARN_UNDECLARED_SELECTOR = YES;
				GCC_WARN_UNINITIALIZED_AUTOS = YES_AGGRESSIVE;
				GCC_WARN_UNUSED_FUNCTION = YES;
				GCC_WARN_UNUSED_VARIABLE = YES;
				IPHONEOS_DEPLOYMENT_TARGET = 14.4;
				MTL_ENABLE_DEBUG_INFO = INCLUDE_SOURCE;
				MTL_FAST_MATH = YES;
				ONLY_ACTIVE_ARCH = YES;
				SDKROOT = iphoneos;
				SWIFT_ACTIVE_COMPILATION_CONDITIONS = DEBUG;
				SWIFT_OPTIMIZATION_LEVEL = "-Onone";
			};
			name = Debug;
		};
		1872AF5C25F7F8A2009063AE /* Release */ = {
			isa = XCBuildConfiguration;
			buildSettings = {
				ALWAYS_SEARCH_USER_PATHS = NO;
				CLANG_ANALYZER_NONNULL = YES;
				CLANG_ANALYZER_NUMBER_OBJECT_CONVERSION = YES_AGGRESSIVE;
				CLANG_CXX_LANGUAGE_STANDARD = "gnu++14";
				CLANG_CXX_LIBRARY = "libc++";
				CLANG_ENABLE_MODULES = YES;
				CLANG_ENABLE_OBJC_ARC = YES;
				CLANG_ENABLE_OBJC_WEAK = YES;
				CLANG_WARN_BLOCK_CAPTURE_AUTORELEASING = YES;
				CLANG_WARN_BOOL_CONVERSION = YES;
				CLANG_WARN_COMMA = YES;
				CLANG_WARN_CONSTANT_CONVERSION = YES;
				CLANG_WARN_DEPRECATED_OBJC_IMPLEMENTATIONS = YES;
				CLANG_WARN_DIRECT_OBJC_ISA_USAGE = YES_ERROR;
				CLANG_WARN_DOCUMENTATION_COMMENTS = YES;
				CLANG_WARN_EMPTY_BODY = YES;
				CLANG_WARN_ENUM_CONVERSION = YES;
				CLANG_WARN_INFINITE_RECURSION = YES;
				CLANG_WARN_INT_CONVERSION = YES;
				CLANG_WARN_NON_LITERAL_NULL_CONVERSION = YES;
				CLANG_WARN_OBJC_IMPLICIT_RETAIN_SELF = YES;
				CLANG_WARN_OBJC_LITERAL_CONVERSION = YES;
				CLANG_WARN_OBJC_ROOT_CLASS = YES_ERROR;
				CLANG_WARN_QUOTED_INCLUDE_IN_FRAMEWORK_HEADER = YES;
				CLANG_WARN_RANGE_LOOP_ANALYSIS = YES;
				CLANG_WARN_STRICT_PROTOTYPES = YES;
				CLANG_WARN_SUSPICIOUS_MOVE = YES;
				CLANG_WARN_UNGUARDED_AVAILABILITY = YES_AGGRESSIVE;
				CLANG_WARN_UNREACHABLE_CODE = YES;
				CLANG_WARN__DUPLICATE_METHOD_MATCH = YES;
				COPY_PHASE_STRIP = NO;
				DEBUG_INFORMATION_FORMAT = "dwarf-with-dsym";
				ENABLE_NS_ASSERTIONS = NO;
				ENABLE_STRICT_OBJC_MSGSEND = YES;
				GCC_C_LANGUAGE_STANDARD = gnu11;
				GCC_NO_COMMON_BLOCKS = YES;
				GCC_WARN_64_TO_32_BIT_CONVERSION = YES;
				GCC_WARN_ABOUT_RETURN_TYPE = YES_ERROR;
				GCC_WARN_UNDECLARED_SELECTOR = YES;
				GCC_WARN_UNINITIALIZED_AUTOS = YES_AGGRESSIVE;
				GCC_WARN_UNUSED_FUNCTION = YES;
				GCC_WARN_UNUSED_VARIABLE = YES;
				IPHONEOS_DEPLOYMENT_TARGET = 14.4;
				MTL_ENABLE_DEBUG_INFO = NO;
				MTL_FAST_MATH = YES;
				SDKROOT = iphoneos;
				SWIFT_COMPILATION_MODE = wholemodule;
				SWIFT_OPTIMIZATION_LEVEL = "-O";
				VALIDATE_PRODUCT = YES;
			};
			name = Release;
		};
		1872AF5E25F7F8A2009063AE /* Debug */ = {
			isa = XCBuildConfiguration;
			baseConfigurationReference = 3EAF73D3C916ECAF604D1155 /* Pods-ProjectSwiftOtpFramework.debug.xcconfig */;
			buildSettings = {
				ASSETCATALOG_COMPILER_APPICON_NAME = AppIcon;
				ASSETCATALOG_COMPILER_GLOBAL_ACCENT_COLOR_NAME = AccentColor;
				CODE_SIGN_STYLE = Automatic;
				INFOPLIST_FILE = ProjectSwiftOtpFramework/Info.plist;
				LD_RUNPATH_SEARCH_PATHS = (
					"$(inherited)",
					"@executable_path/Frameworks",
				);
				PRODUCT_BUNDLE_IDENTIFIER = com.theja.test.ProjectSwiftOtpFramework;
				PRODUCT_NAME = "$(TARGET_NAME)";
				SWIFT_VERSION = 5.0;
				TARGETED_DEVICE_FAMILY = "1,2";
			};
			name = Debug;
		};
		1872AF5F25F7F8A2009063AE /* Release */ = {
			isa = XCBuildConfiguration;
			baseConfigurationReference = 4C93147D765A6E95CA264D6F /* Pods-ProjectSwiftOtpFramework.release.xcconfig */;
			buildSettings = {
				ASSETCATALOG_COMPILER_APPICON_NAME = AppIcon;
				ASSETCATALOG_COMPILER_GLOBAL_ACCENT_COLOR_NAME = AccentColor;
				CODE_SIGN_STYLE = Automatic;
				INFOPLIST_FILE = ProjectSwiftOtpFramework/Info.plist;
				LD_RUNPATH_SEARCH_PATHS = (
					"$(inherited)",
					"@executable_path/Frameworks",
				);
				PRODUCT_BUNDLE_IDENTIFIER = com.theja.test.ProjectSwiftOtpFramework;
				PRODUCT_NAME = "$(TARGET_NAME)";
				SWIFT_VERSION = 5.0;
				TARGETED_DEVICE_FAMILY = "1,2";
			};
			name = Release;
		};
/* End XCBuildConfiguration section */

/* Begin XCConfigurationList section */
		1872AF4425F7F8A0009063AE /* Build configuration list for PBXProject "ProjectSwiftOtpFramework" */ = {
			isa = XCConfigurationList;
			buildConfigurations = (
				1872AF5B25F7F8A2009063AE /* Debug */,
				1872AF5C25F7F8A2009063AE /* Release */,
			);
			defaultConfigurationIsVisible = 0;
			defaultConfigurationName = Release;
		};
		1872AF5D25F7F8A2009063AE /* Build configuration list for PBXNativeTarget "ProjectSwiftOtpFramework" */ = {
			isa = XCConfigurationList;
			buildConfigurations = (
				1872AF5E25F7F8A2009063AE /* Debug */,
				1872AF5F25F7F8A2009063AE /* Release */,
			);
			defaultConfigurationIsVisible = 0;
			defaultConfigurationName = Release;
		};
/* End XCConfigurationList section */
	};
	rootObject = 1872AF4125F7F8A0009063AE /* Project object */;
}
